// !$*UTF8*$!
{
	archiveVersion = 1;
	classes = {
	};
	objectVersion = 70;
	objects = {

/* Begin PBXBuildFile section */
		058557BB273AAA24004C7B11 /* Assets.xcassets in Resources */ = {isa = PBXBuildFile; fileRef = 058557BA273AAA24004C7B11 /* Assets.xcassets */; };
		058557D9273AAEEB004C7B11 /* Preview Assets.xcassets in Resources */ = {isa = PBXBuildFile; fileRef = 058557D8273AAEEB004C7B11 /* Preview Assets.xcassets */; };
		2152FB042600AC8F00CF470E /* iOSApp.swift in Sources */ = {isa = PBXBuildFile; fileRef = 2152FB032600AC8F00CF470E /* iOSApp.swift */; };
		3C2F71422E936FBD0026D5CD /* WidgetKit.framework in Frameworks */ = {isa = PBXBuildFile; fileRef = 3C2F711B2E936F980026D5CD /* WidgetKit.framework */; };
		3C2F71432E936FBD0026D5CD /* SwiftUI.framework in Frameworks */ = {isa = PBXBuildFile; fileRef = 3C2F711D2E936F980026D5CD /* SwiftUI.framework */; };
		3C2F71672E9379750026D5CD /* ComposeApp.framework in Frameworks */ = {isa = PBXBuildFile; fileRef = 3C2F71662E9379750026D5CD /* ComposeApp.framework */; };
		3C35B95B2EA97E1B00E28A01 /* GoogleMobileAds in Frameworks */ = {isa = PBXBuildFile; productRef = 3C35B95A2EA97E1B00E28A01 /* GoogleMobileAds */; };
		3C35B95E2EA97ED900E28A01 /* GoogleUserMessagingPlatform in Frameworks */ = {isa = PBXBuildFile; productRef = 3C35B95D2EA97ED900E28A01 /* GoogleUserMessagingPlatform */; };
		3C35B9602EA9816900E28A01 /* PurchasesHybridCommon in Frameworks */ = {isa = PBXBuildFile; productRef = 3C35B95F2EA9816900E28A01 /* PurchasesHybridCommon */; };
		3C35B9622EA9816900E28A01 /* PurchasesHybridCommonUI in Frameworks */ = {isa = PBXBuildFile; productRef = 3C35B9612EA9816900E28A01 /* PurchasesHybridCommonUI */; };
		3C4393F12E956CDF005E97B3 /* LaunchScreen.storyboard in Resources */ = {isa = PBXBuildFile; fileRef = 3C4393F02E956CDF005E97B3 /* LaunchScreen.storyboard */; };
		3C5462FC2E9446F60032E227 /* LaunchWidgetExtension.appex in Embed Foundation Extensions */ = {isa = PBXBuildFile; fileRef = 3C2F71412E936FBD0026D5CD /* LaunchWidgetExtension.appex */; settings = {ATTRIBUTES = (RemoveHeadersOnCopy, ); }; };
		3C5463142E946EBF0032E227 /* Secrets.plist in Resources */ = {isa = PBXBuildFile; fileRef = 3C9137E42E9008320095D5AB /* Secrets.plist */; };
		3C7AFD342EADADF0002FEDEE /* FirebaseMessaging in Frameworks */ = {isa = PBXBuildFile; productRef = 3C7AFD332EADADF0002FEDEE /* FirebaseMessaging */; };
		3C7AFD382EADC588002FEDEE /* GoogleService-Info.plist in Resources */ = {isa = PBXBuildFile; fileRef = 3C7AFD372EADC588002FEDEE /* GoogleService-Info.plist */; };
		3C9137E52E9008320095D5AB /* Secrets.plist in Resources */ = {isa = PBXBuildFile; fileRef = 3C9137E42E9008320095D5AB /* Secrets.plist */; };
		3CC6E4C52EAC8A84002F6FE9 /* FirebaseAI in Frameworks */ = {isa = PBXBuildFile; productRef = 3CC6E4C42EAC8A84002F6FE9 /* FirebaseAI */; };
		3CC6E4C72EAC8A84002F6FE9 /* FirebaseAnalytics in Frameworks */ = {isa = PBXBuildFile; productRef = 3CC6E4C62EAC8A84002F6FE9 /* FirebaseAnalytics */; };
		3CC6E4C92EAC8A84002F6FE9 /* FirebaseAnalyticsCore in Frameworks */ = {isa = PBXBuildFile; productRef = 3CC6E4C82EAC8A84002F6FE9 /* FirebaseAnalyticsCore */; };
		3CC6E4CB2EAC8A84002F6FE9 /* FirebaseAnalyticsIdentitySupport in Frameworks */ = {isa = PBXBuildFile; productRef = 3CC6E4CA2EAC8A84002F6FE9 /* FirebaseAnalyticsIdentitySupport */; };
		3CC6E4CD2EAC8A84002F6FE9 /* FirebaseAppCheck in Frameworks */ = {isa = PBXBuildFile; productRef = 3CC6E4CC2EAC8A84002F6FE9 /* FirebaseAppCheck */; };
		3CC6E4D02EAD9BBF002F6FE9 /* AppDelegate.swift in Sources */ = {isa = PBXBuildFile; fileRef = 3CC6E4CE2EAD9BBF002F6FE9 /* AppDelegate.swift */; };
		3CC6E4D12EAD9BBF002F6FE9 /* FCMBridge.swift in Sources */ = {isa = PBXBuildFile; fileRef = 3CC6E4CF2EAD9BBF002F6FE9 /* FCMBridge.swift */; };
		3CE6841E2E9D513C00AA177C /* PurchasesHybridCommon in Frameworks */ = {isa = PBXBuildFile; productRef = 3CE6841D2E9D513C00AA177C /* PurchasesHybridCommon */; };
		3CE684202E9D513C00AA177C /* PurchasesHybridCommonUI in Frameworks */ = {isa = PBXBuildFile; productRef = 3CE6841F2E9D513C00AA177C /* PurchasesHybridCommonUI */; };
		7555FF83242A565900829871 /* ContentView.swift in Sources */ = {isa = PBXBuildFile; fileRef = 7555FF82242A565900829871 /* ContentView.swift */; };
/* End PBXBuildFile section */

/* Begin PBXContainerItemProxy section */
		3CCE53702E955DA500EBF3D4 /* PBXContainerItemProxy */ = {
			isa = PBXContainerItemProxy;
			containerPortal = 7555FF73242A565900829871 /* Project object */;
			proxyType = 1;
			remoteGlobalIDString = 3C2F71402E936FBD0026D5CD;
			remoteInfo = LaunchWidgetExtension;
		};
/* End PBXContainerItemProxy section */

/* Begin PBXCopyFilesBuildPhase section */
		3C2F712F2E936F9C0026D5CD /* Embed Foundation Extensions */ = {
			isa = PBXCopyFilesBuildPhase;
			buildActionMask = 2147483647;
			dstPath = "";
			dstSubfolderSpec = 13;
			files = (
				3C5462FC2E9446F60032E227 /* LaunchWidgetExtension.appex in Embed Foundation Extensions */,
			);
			name = "Embed Foundation Extensions";
			runOnlyForDeploymentPostprocessing = 0;
		};
/* End PBXCopyFilesBuildPhase section */

/* Begin PBXFileReference section */
		058557BA273AAA24004C7B11 /* Assets.xcassets */ = {isa = PBXFileReference; lastKnownFileType = folder.assetcatalog; path = Assets.xcassets; sourceTree = "<group>"; };
		058557D8273AAEEB004C7B11 /* Preview Assets.xcassets */ = {isa = PBXFileReference; lastKnownFileType = folder.assetcatalog; path = "Preview Assets.xcassets"; sourceTree = "<group>"; };
		2152FB032600AC8F00CF470E /* iOSApp.swift */ = {isa = PBXFileReference; lastKnownFileType = sourcecode.swift; path = iOSApp.swift; sourceTree = "<group>"; };
		3C1B898A2EA985C900FD4471 /* LaunchWidgetExtension.entitlements */ = {isa = PBXFileReference; lastKnownFileType = text.plist.entitlements; path = LaunchWidgetExtension.entitlements; sourceTree = "<group>"; };
		3C1B898B2EA985DB00FD4471 /* iosApp.entitlements */ = {isa = PBXFileReference; lastKnownFileType = text.plist.entitlements; path = iosApp.entitlements; sourceTree = "<group>"; };
		3C2F711B2E936F980026D5CD /* WidgetKit.framework */ = {isa = PBXFileReference; lastKnownFileType = wrapper.framework; name = WidgetKit.framework; path = System/Library/Frameworks/WidgetKit.framework; sourceTree = SDKROOT; };
		3C2F711D2E936F980026D5CD /* SwiftUI.framework */ = {isa = PBXFileReference; lastKnownFileType = wrapper.framework; name = SwiftUI.framework; path = System/Library/Frameworks/SwiftUI.framework; sourceTree = SDKROOT; };
		3C2F71412E936FBD0026D5CD /* LaunchWidgetExtension.appex */ = {isa = PBXFileReference; explicitFileType = "wrapper.app-extension"; includeInIndex = 0; path = LaunchWidgetExtension.appex; sourceTree = BUILT_PRODUCTS_DIR; };
		3C2F71662E9379750026D5CD /* ComposeApp.framework */ = {isa = PBXFileReference; lastKnownFileType = wrapper.framework; name = ComposeApp.framework; path = "../composeApp/build/xcode-frameworks/Debug/iphonesimulator18.2/ComposeApp.framework"; sourceTree = "<group>"; };
		3C4393F02E956CDF005E97B3 /* LaunchScreen.storyboard */ = {isa = PBXFileReference; lastKnownFileType = file.storyboard; path = LaunchScreen.storyboard; sourceTree = "<group>"; };
		3C7AFD372EADC588002FEDEE /* GoogleService-Info.plist */ = {isa = PBXFileReference; lastKnownFileType = text.plist.xml; path = "GoogleService-Info.plist"; sourceTree = "<group>"; };
		3C9137E42E9008320095D5AB /* Secrets.plist */ = {isa = PBXFileReference; lastKnownFileType = text.plist.xml; path = Secrets.plist; sourceTree = "<group>"; };
		3CC6E4CE2EAD9BBF002F6FE9 /* AppDelegate.swift */ = {isa = PBXFileReference; lastKnownFileType = sourcecode.swift; path = AppDelegate.swift; sourceTree = "<group>"; };
		3CC6E4CF2EAD9BBF002F6FE9 /* FCMBridge.swift */ = {isa = PBXFileReference; lastKnownFileType = sourcecode.swift; path = FCMBridge.swift; sourceTree = "<group>"; };
		3CE684192E95BB4500AA177C /* iosAppDebug.entitlements */ = {isa = PBXFileReference; lastKnownFileType = text.plist.entitlements; path = iosAppDebug.entitlements; sourceTree = "<group>"; };
		3CE6841A2E95BB5D00AA177C /* LaunchWidgetExtensionDebug.entitlements */ = {isa = PBXFileReference; lastKnownFileType = text.plist.entitlements; path = LaunchWidgetExtensionDebug.entitlements; sourceTree = "<group>"; };
		7555FF7B242A565900829871 /* SpaceLaunchNow.app */ = {isa = PBXFileReference; explicitFileType = wrapper.application; includeInIndex = 0; path = SpaceLaunchNow.app; sourceTree = BUILT_PRODUCTS_DIR; };
		7555FF82242A565900829871 /* ContentView.swift */ = {isa = PBXFileReference; lastKnownFileType = sourcecode.swift; path = ContentView.swift; sourceTree = "<group>"; };
		7555FF8C242A565B00829871 /* Info.plist */ = {isa = PBXFileReference; lastKnownFileType = text.plist.xml; path = Info.plist; sourceTree = "<group>"; };
		AB3632DC29227652001CCB65 /* Config.xcconfig */ = {isa = PBXFileReference; fileEncoding = 4; lastKnownFileType = text.xcconfig; path = Config.xcconfig; sourceTree = "<group>"; };
/* End PBXFileReference section */

/* Begin PBXFileSystemSynchronizedBuildFileExceptionSet section */
		3C5462F72E94397F0032E227 /* PBXFileSystemSynchronizedBuildFileExceptionSet */ = {
			isa = PBXFileSystemSynchronizedBuildFileExceptionSet;
			membershipExceptions = (
				LaunchData.swift,
				LaunchListWidget.swift,
				LaunchWidgetBundle.swift,
				NextUpWidget.swift,
			);
			target = 3C2F71402E936FBD0026D5CD /* LaunchWidgetExtension */;
		};
/* End PBXFileSystemSynchronizedBuildFileExceptionSet section */

/* Begin PBXFileSystemSynchronizedRootGroup section */
		3C2F711F2E936F980026D5CD /* LaunchWidget */ = {isa = PBXFileSystemSynchronizedRootGroup; exceptions = (3C5462F72E94397F0032E227 /* PBXFileSystemSynchronizedBuildFileExceptionSet */, ); explicitFileTypes = {}; explicitFolders = (); path = LaunchWidget; sourceTree = "<group>"; };
/* End PBXFileSystemSynchronizedRootGroup section */

/* Begin PBXFrameworksBuildPhase section */
		3C2F713E2E936FBD0026D5CD /* Frameworks */ = {
			isa = PBXFrameworksBuildPhase;
			buildActionMask = 2147483647;
			files = (
				3C2F71672E9379750026D5CD /* ComposeApp.framework in Frameworks */,
				3C2F71432E936FBD0026D5CD /* SwiftUI.framework in Frameworks */,
				3C35B9622EA9816900E28A01 /* PurchasesHybridCommonUI in Frameworks */,
				3C35B9602EA9816900E28A01 /* PurchasesHybridCommon in Frameworks */,
				3C2F71422E936FBD0026D5CD /* WidgetKit.framework in Frameworks */,
			);
			runOnlyForDeploymentPostprocessing = 0;
		};
		B92378962B6B1156000C7307 /* Frameworks */ = {
			isa = PBXFrameworksBuildPhase;
			buildActionMask = 2147483647;
			files = (
				3CC6E4CB2EAC8A84002F6FE9 /* FirebaseAnalyticsIdentitySupport in Frameworks */,
				3CC6E4C52EAC8A84002F6FE9 /* FirebaseAI in Frameworks */,
				3C7AFD342EADADF0002FEDEE /* FirebaseMessaging in Frameworks */,
				3C35B95B2EA97E1B00E28A01 /* GoogleMobileAds in Frameworks */,
				3CC6E4C72EAC8A84002F6FE9 /* FirebaseAnalytics in Frameworks */,
				3CE684202E9D513C00AA177C /* PurchasesHybridCommonUI in Frameworks */,
				3C35B95E2EA97ED900E28A01 /* GoogleUserMessagingPlatform in Frameworks */,
				3CC6E4C92EAC8A84002F6FE9 /* FirebaseAnalyticsCore in Frameworks */,
				3CC6E4CD2EAC8A84002F6FE9 /* FirebaseAppCheck in Frameworks */,
				3CE6841E2E9D513C00AA177C /* PurchasesHybridCommon in Frameworks */,
			);
			runOnlyForDeploymentPostprocessing = 0;
		};
/* End PBXFrameworksBuildPhase section */

/* Begin PBXGroup section */
		058557D7273AAEEB004C7B11 /* Preview Content */ = {
			isa = PBXGroup;
			children = (
				058557D8273AAEEB004C7B11 /* Preview Assets.xcassets */,
			);
			path = "Preview Content";
			sourceTree = "<group>";
		};
		42799AB246E5F90AF97AA0EF /* Frameworks */ = {
			isa = PBXGroup;
			children = (
				3C2F71662E9379750026D5CD /* ComposeApp.framework */,
				3C2F711B2E936F980026D5CD /* WidgetKit.framework */,
				3C2F711D2E936F980026D5CD /* SwiftUI.framework */,
			);
			name = Frameworks;
			sourceTree = "<group>";
		};
		7555FF72242A565900829871 = {
			isa = PBXGroup;
			children = (
				3C1B898A2EA985C900FD4471 /* LaunchWidgetExtension.entitlements */,
				3CE6841A2E95BB5D00AA177C /* LaunchWidgetExtensionDebug.entitlements */,
				3C9137E42E9008320095D5AB /* Secrets.plist */,
				AB1DB47929225F7C00F7AF9C /* Configuration */,
				7555FF7D242A565900829871 /* iosApp */,
				3C2F711F2E936F980026D5CD /* LaunchWidget */,
				7555FF7C242A565900829871 /* Products */,
				42799AB246E5F90AF97AA0EF /* Frameworks */,
			);
			sourceTree = "<group>";
		};
		7555FF7C242A565900829871 /* Products */ = {
			isa = PBXGroup;
			children = (
				7555FF7B242A565900829871 /* SpaceLaunchNow.app */,
				3C2F71412E936FBD0026D5CD /* LaunchWidgetExtension.appex */,
			);
			name = Products;
			sourceTree = "<group>";
		};
		7555FF7D242A565900829871 /* iosApp */ = {
			isa = PBXGroup;
			children = (
				3C7AFD372EADC588002FEDEE /* GoogleService-Info.plist */,
				3CC6E4CE2EAD9BBF002F6FE9 /* AppDelegate.swift */,
				3CC6E4CF2EAD9BBF002F6FE9 /* FCMBridge.swift */,
				3C1B898B2EA985DB00FD4471 /* iosApp.entitlements */,
				3CE684192E95BB4500AA177C /* iosAppDebug.entitlements */,
				058557BA273AAA24004C7B11 /* Assets.xcassets */,
				7555FF82242A565900829871 /* ContentView.swift */,
				7555FF8C242A565B00829871 /* Info.plist */,
				2152FB032600AC8F00CF470E /* iOSApp.swift */,
				058557D7273AAEEB004C7B11 /* Preview Content */,
				3C4393F02E956CDF005E97B3 /* LaunchScreen.storyboard */,
			);
			path = iosApp;
			sourceTree = "<group>";
		};
		AB1DB47929225F7C00F7AF9C /* Configuration */ = {
			isa = PBXGroup;
			children = (
				AB3632DC29227652001CCB65 /* Config.xcconfig */,
			);
			path = Configuration;
			sourceTree = "<group>";
		};
/* End PBXGroup section */

/* Begin PBXNativeTarget section */
		3C2F71402E936FBD0026D5CD /* LaunchWidgetExtension */ = {
			isa = PBXNativeTarget;
			buildConfigurationList = 3C2F71542E936FBF0026D5CD /* Build configuration list for PBXNativeTarget "LaunchWidgetExtension" */;
			buildPhases = (
				3CCE53722E955EF000EBF3D4 /* ShellScript */,
				3C2F713D2E936FBD0026D5CD /* Sources */,
				3C2F713E2E936FBD0026D5CD /* Frameworks */,
				3C2F713F2E936FBD0026D5CD /* Resources */,
			);
			buildRules = (
			);
			dependencies = (
			);
			name = LaunchWidgetExtension;
			packageProductDependencies = (
				3C35B95F2EA9816900E28A01 /* PurchasesHybridCommon */,
				3C35B9612EA9816900E28A01 /* PurchasesHybridCommonUI */,
			);
			productName = LaunchWidgetExtension;
			productReference = 3C2F71412E936FBD0026D5CD /* LaunchWidgetExtension.appex */;
			productType = "com.apple.product-type.app-extension";
		};
		7555FF7A242A565900829871 /* iosApp */ = {
			isa = PBXNativeTarget;
			buildConfigurationList = 7555FFA5242A565B00829871 /* Build configuration list for PBXNativeTarget "iosApp" */;
			buildPhases = (
				F36B1CEB2AD83DDC00CB74D5 /* Compile Kotlin Framework */,
				7555FF77242A565900829871 /* Sources */,
				B92378962B6B1156000C7307 /* Frameworks */,
				7555FF79242A565900829871 /* Resources */,
				3C2F712F2E936F9C0026D5CD /* Embed Foundation Extensions */,
			);
			buildRules = (
			);
			dependencies = (
				3CCE53712E955DA500EBF3D4 /* PBXTargetDependency */,
			);
			name = iosApp;
			packageProductDependencies = (
				3CE6841D2E9D513C00AA177C /* PurchasesHybridCommon */,
				3CE6841F2E9D513C00AA177C /* PurchasesHybridCommonUI */,
				3C35B95A2EA97E1B00E28A01 /* GoogleMobileAds */,
				3C35B95D2EA97ED900E28A01 /* GoogleUserMessagingPlatform */,
				3CC6E4C42EAC8A84002F6FE9 /* FirebaseAI */,
				3CC6E4C62EAC8A84002F6FE9 /* FirebaseAnalytics */,
				3CC6E4C82EAC8A84002F6FE9 /* FirebaseAnalyticsCore */,
				3CC6E4CA2EAC8A84002F6FE9 /* FirebaseAnalyticsIdentitySupport */,
				3CC6E4CC2EAC8A84002F6FE9 /* FirebaseAppCheck */,
				3C7AFD332EADADF0002FEDEE /* FirebaseMessaging */,
			);
			productName = iosApp;
			productReference = 7555FF7B242A565900829871 /* SpaceLaunchNow.app */;
			productType = "com.apple.product-type.application";
		};
/* End PBXNativeTarget section */

/* Begin PBXProject section */
		7555FF73242A565900829871 /* Project object */ = {
			isa = PBXProject;
			attributes = {
				BuildIndependentTargetsInParallel = YES;
				LastSwiftUpdateCheck = 1620;
				LastUpgradeCheck = 1540;
				ORGANIZATIONNAME = orgName;
				TargetAttributes = {
					3C2F71402E936FBD0026D5CD = {
						CreatedOnToolsVersion = 16.2;
					};
					7555FF7A242A565900829871 = {
						CreatedOnToolsVersion = 11.3.1;
					};
				};
			};
			buildConfigurationList = 7555FF76242A565900829871 /* Build configuration list for PBXProject "iosApp" */;
			compatibilityVersion = "Xcode 14.0";
			developmentRegion = en;
			hasScannedForEncodings = 0;
			knownRegions = (
				en,
				Base,
			);
			mainGroup = 7555FF72242A565900829871;
			packageReferences = (
				3CE6841C2E9D513C00AA177C /* XCRemoteSwiftPackageReference "purchases-hybrid-common" */,
				3C35B9592EA97E1B00E28A01 /* XCRemoteSwiftPackageReference "swift-package-manager-google-mobile-ads" */,
				3C35B95C2EA97ED900E28A01 /* XCRemoteSwiftPackageReference "swift-package-manager-google-user-messaging-platform" */,
				3CC6E4C32EAC8A84002F6FE9 /* XCRemoteSwiftPackageReference "firebase-ios-sdk" */,
			);
			productRefGroup = 7555FF7C242A565900829871 /* Products */;
			projectDirPath = "";
			projectRoot = "";
			targets = (
				7555FF7A242A565900829871 /* iosApp */,
				3C2F71402E936FBD0026D5CD /* LaunchWidgetExtension */,
			);
		};
/* End PBXProject section */

/* Begin PBXResourcesBuildPhase section */
		3C2F713F2E936FBD0026D5CD /* Resources */ = {
			isa = PBXResourcesBuildPhase;
			buildActionMask = 2147483647;
			files = (
				3C5463142E946EBF0032E227 /* Secrets.plist in Resources */,
			);
			runOnlyForDeploymentPostprocessing = 0;
		};
		7555FF79242A565900829871 /* Resources */ = {
			isa = PBXResourcesBuildPhase;
			buildActionMask = 2147483647;
			files = (
				058557D9273AAEEB004C7B11 /* Preview Assets.xcassets in Resources */,
				3C4393F12E956CDF005E97B3 /* LaunchScreen.storyboard in Resources */,
				3C7AFD382EADC588002FEDEE /* GoogleService-Info.plist in Resources */,
				3C9137E52E9008320095D5AB /* Secrets.plist in Resources */,
				058557BB273AAA24004C7B11 /* Assets.xcassets in Resources */,
			);
			runOnlyForDeploymentPostprocessing = 0;
		};
/* End PBXResourcesBuildPhase section */

/* Begin PBXShellScriptBuildPhase section */
		3CCE53722E955EF000EBF3D4 /* ShellScript */ = {
			isa = PBXShellScriptBuildPhase;
			alwaysOutOfDate = 1;
			buildActionMask = 2147483647;
			files = (
			);
			inputFileListPaths = (
			);
			inputPaths = (
			);
			outputFileListPaths = (
			);
			outputPaths = (
			);
			runOnlyForDeploymentPostprocessing = 0;
			shellPath = /bin/sh;
			shellScript = "# Type a script or drag a script file from your workspace to insert its path.\nif [ \"YES\" = \"$OVERRIDE_KOTLIN_BUILD_IDE_SUPPORTED\" ]; then\n  echo \"Skipping Gradle build task invocation due to OVERRIDE_KOTLIN_BUILD_IDE_SUPPORTED environment variable set to \\\"YES\\\"\"\n  exit 0\nfi\ncd \"$SRCROOT/..\"\necho \"JAVA_HOME is: $JAVA_HOME\"\necho \"java location: $(which java)\"\njava -version\n./gradlew :composeApp:embedAndSignAppleFrameworkForXcode\n";
		};
		F36B1CEB2AD83DDC00CB74D5 /* Compile Kotlin Framework */ = {
			isa = PBXShellScriptBuildPhase;
			alwaysOutOfDate = 1;
			buildActionMask = 12;
			files = (
			);
			inputFileListPaths = (
			);
			inputPaths = (
			);
			name = "Compile Kotlin Framework";
			outputFileListPaths = (
			);
			outputPaths = (
			);
			runOnlyForDeploymentPostprocessing = 0;
			shellPath = /bin/sh;
			shellScript = "if [ \"YES\" = \"$OVERRIDE_KOTLIN_BUILD_IDE_SUPPORTED\" ]; then\n  echo \"Skipping Gradle build task invocation due to OVERRIDE_KOTLIN_BUILD_IDE_SUPPORTED environment variable set to \\\"YES\\\"\"\n  exit 0\nfi\ncd \"$SRCROOT/..\"\necho \"JAVA_HOME is: $JAVA_HOME\"\necho \"java location: $(which java)\"\njava -version\n./gradlew :composeApp:embedAndSignAppleFrameworkForXcode\n";
		};
/* End PBXShellScriptBuildPhase section */

/* Begin PBXSourcesBuildPhase section */
		3C2F713D2E936FBD0026D5CD /* Sources */ = {
			isa = PBXSourcesBuildPhase;
			buildActionMask = 2147483647;
			files = (
			);
			runOnlyForDeploymentPostprocessing = 0;
		};
		7555FF77242A565900829871 /* Sources */ = {
			isa = PBXSourcesBuildPhase;
			buildActionMask = 2147483647;
			files = (
				2152FB042600AC8F00CF470E /* iOSApp.swift in Sources */,
				7555FF83242A565900829871 /* ContentView.swift in Sources */,
				3CC6E4D02EAD9BBF002F6FE9 /* AppDelegate.swift in Sources */,
				3CC6E4D12EAD9BBF002F6FE9 /* FCMBridge.swift in Sources */,
			);
			runOnlyForDeploymentPostprocessing = 0;
		};
/* End PBXSourcesBuildPhase section */

/* Begin PBXTargetDependency section */
		3CCE53712E955DA500EBF3D4 /* PBXTargetDependency */ = {
			isa = PBXTargetDependency;
			target = 3C2F71402E936FBD0026D5CD /* LaunchWidgetExtension */;
			targetProxy = 3CCE53702E955DA500EBF3D4 /* PBXContainerItemProxy */;
		};
/* End PBXTargetDependency section */

/* Begin XCBuildConfiguration section */
		3C2F71552E936FBF0026D5CD /* Debug */ = {
			isa = XCBuildConfiguration;
			buildSettings = {
				ASSETCATALOG_COMPILER_GENERATE_SWIFT_ASSET_SYMBOL_EXTENSIONS = YES;
				ASSETCATALOG_COMPILER_GLOBAL_ACCENT_COLOR_NAME = AccentColor;
				ASSETCATALOG_COMPILER_WIDGET_BACKGROUND_COLOR_NAME = WidgetBackground;
				CLANG_CXX_LANGUAGE_STANDARD = "gnu++20";
				CODE_SIGN_ENTITLEMENTS = LaunchWidgetExtensionDebug.entitlements;
				CODE_SIGN_IDENTITY = "Apple Development";
				CODE_SIGN_STYLE = Automatic;
				CURRENT_PROJECT_VERSION = 1;
				DEBUG_INFORMATION_FORMAT = dwarf;
				DEVELOPMENT_TEAM = 4T4QRN2U5X;
				ENABLE_USER_SCRIPT_SANDBOXING = NO;
				FRAMEWORK_SEARCH_PATHS = "$(SRCROOT)/../composeApp/build/xcode-frameworks/$(CONFIGURATION)/$(SDK_NAME)";
				GCC_C_LANGUAGE_STANDARD = gnu17;
				GENERATE_INFOPLIST_FILE = YES;
				INFOPLIST_FILE = LaunchWidget/Info.plist;
				INFOPLIST_KEY_CFBundleDisplayName = LaunchWidget;
				INFOPLIST_KEY_NSHumanReadableCopyright = "Copyright © 2025 orgName. All rights reserved.";
				IPHONEOS_DEPLOYMENT_TARGET = 18.0;
				LD_RUNPATH_SEARCH_PATHS = (
					"$(inherited)",
					"@executable_path/Frameworks",
					"@executable_path/../../Frameworks",
				);
				LOCALIZATION_PREFERS_STRING_CATALOGS = YES;
				MARKETING_VERSION = 1.0;
				OTHER_LDFLAGS = (
					"-framework",
					ComposeApp,
				);
				PRODUCT_BUNDLE_IDENTIFIER = me.spacelaunchnow.spacelaunchnow.LaunchWidget;
				PRODUCT_NAME = "$(TARGET_NAME)";
				PROVISIONING_PROFILE_SPECIFIER = "";
				SKIP_INSTALL = YES;
				SWIFT_ACTIVE_COMPILATION_CONDITIONS = "DEBUG $(inherited)";
				SWIFT_EMIT_LOC_STRINGS = YES;
				SWIFT_VERSION = 5.0;
				TARGETED_DEVICE_FAMILY = "1,2";
			};
			name = Debug;
		};
		3C2F71562E936FBF0026D5CD /* Release */ = {
			isa = XCBuildConfiguration;
			buildSettings = {
				ASSETCATALOG_COMPILER_GENERATE_SWIFT_ASSET_SYMBOL_EXTENSIONS = YES;
				ASSETCATALOG_COMPILER_GLOBAL_ACCENT_COLOR_NAME = AccentColor;
				ASSETCATALOG_COMPILER_WIDGET_BACKGROUND_COLOR_NAME = WidgetBackground;
				CLANG_CXX_LANGUAGE_STANDARD = "gnu++20";
				CODE_SIGN_ENTITLEMENTS = LaunchWidgetExtension.entitlements;
				CODE_SIGN_IDENTITY = "Apple Development";
				CODE_SIGN_STYLE = Automatic;
				CURRENT_PROJECT_VERSION = 1;
				DEVELOPMENT_TEAM = 4T4QRN2U5X;
				ENABLE_USER_SCRIPT_SANDBOXING = NO;
				FRAMEWORK_SEARCH_PATHS = "$(SRCROOT)/../composeApp/build/xcode-frameworks/$(CONFIGURATION)/$(SDK_NAME)";
				GCC_C_LANGUAGE_STANDARD = gnu17;
				GENERATE_INFOPLIST_FILE = YES;
				INFOPLIST_FILE = LaunchWidget/Info.plist;
				INFOPLIST_KEY_CFBundleDisplayName = LaunchWidget;
				INFOPLIST_KEY_NSHumanReadableCopyright = "Copyright © 2025 orgName. All rights reserved.";
				IPHONEOS_DEPLOYMENT_TARGET = 18.0;
				LD_RUNPATH_SEARCH_PATHS = (
					"$(inherited)",
					"@executable_path/Frameworks",
					"@executable_path/../../Frameworks",
				);
				LOCALIZATION_PREFERS_STRING_CATALOGS = YES;
				MARKETING_VERSION = 1.0;
				OTHER_LDFLAGS = (
					"-framework",
					ComposeApp,
				);
				PRODUCT_BUNDLE_IDENTIFIER = me.spacelaunchnow.spacelaunchnow.LaunchWidget;
				PRODUCT_NAME = "$(TARGET_NAME)";
				PROVISIONING_PROFILE_SPECIFIER = "$(WIDGET_PROVISIONING_PROFILE)";
				SKIP_INSTALL = YES;
				SWIFT_EMIT_LOC_STRINGS = YES;
				SWIFT_VERSION = 5.0;
				TARGETED_DEVICE_FAMILY = "1,2";
			};
			name = Release;
		};
		7555FFA3242A565B00829871 /* Debug */ = {
			isa = XCBuildConfiguration;
			baseConfigurationReference = AB3632DC29227652001CCB65 /* Config.xcconfig */;
			buildSettings = {
				ALWAYS_SEARCH_USER_PATHS = NO;
				CLANG_ANALYZER_NONNULL = YES;
				CLANG_ANALYZER_NUMBER_OBJECT_CONVERSION = YES_AGGRESSIVE;
				CLANG_CXX_LANGUAGE_STANDARD = "gnu++14";
				CLANG_CXX_LIBRARY = "libc++";
				CLANG_ENABLE_MODULES = YES;
				CLANG_ENABLE_OBJC_ARC = YES;
				CLANG_ENABLE_OBJC_WEAK = YES;
				CLANG_WARN_BLOCK_CAPTURE_AUTORELEASING = YES;
				CLANG_WARN_BOOL_CONVERSION = YES;
				CLANG_WARN_COMMA = YES;
				CLANG_WARN_CONSTANT_CONVERSION = YES;
				CLANG_WARN_DEPRECATED_OBJC_IMPLEMENTATIONS = YES;
				CLANG_WARN_DIRECT_OBJC_ISA_USAGE = YES_ERROR;
				CLANG_WARN_DOCUMENTATION_COMMENTS = YES;
				CLANG_WARN_EMPTY_BODY = YES;
				CLANG_WARN_ENUM_CONVERSION = YES;
				CLANG_WARN_INFINITE_RECURSION = YES;
				CLANG_WARN_INT_CONVERSION = YES;
				CLANG_WARN_NON_LITERAL_NULL_CONVERSION = YES;
				CLANG_WARN_OBJC_IMPLICIT_RETAIN_SELF = YES;
				CLANG_WARN_OBJC_LITERAL_CONVERSION = YES;
				CLANG_WARN_OBJC_ROOT_CLASS = YES_ERROR;
				CLANG_WARN_QUOTED_INCLUDE_IN_FRAMEWORK_HEADER = YES;
				CLANG_WARN_RANGE_LOOP_ANALYSIS = YES;
				CLANG_WARN_STRICT_PROTOTYPES = YES;
				CLANG_WARN_SUSPICIOUS_MOVE = YES;
				CLANG_WARN_UNGUARDED_AVAILABILITY = YES_AGGRESSIVE;
				CLANG_WARN_UNREACHABLE_CODE = YES;
				CLANG_WARN__DUPLICATE_METHOD_MATCH = YES;
				COPY_PHASE_STRIP = NO;
				DEBUG_INFORMATION_FORMAT = "dwarf-with-dsym";
				ENABLE_STRICT_OBJC_MSGSEND = YES;
				ENABLE_TESTABILITY = YES;
				ENABLE_USER_SCRIPT_SANDBOXING = NO;
				GCC_C_LANGUAGE_STANDARD = gnu11;
				GCC_DYNAMIC_NO_PIC = NO;
				GCC_NO_COMMON_BLOCKS = YES;
				GCC_OPTIMIZATION_LEVEL = 0;
				GCC_PREPROCESSOR_DEFINITIONS = (
					"DEBUG=1",
					"$(inherited)",
				);
				GCC_WARN_64_TO_32_BIT_CONVERSION = YES;
				GCC_WARN_ABOUT_RETURN_TYPE = YES_ERROR;
				GCC_WARN_UNDECLARED_SELECTOR = YES;
				GCC_WARN_UNINITIALIZED_AUTOS = YES_AGGRESSIVE;
				GCC_WARN_UNUSED_FUNCTION = YES;
				GCC_WARN_UNUSED_VARIABLE = YES;
				IPHONEOS_DEPLOYMENT_TARGET = 15.3;
				MTL_ENABLE_DEBUG_INFO = INCLUDE_SOURCE;
				MTL_FAST_MATH = YES;
				ONLY_ACTIVE_ARCH = YES;
				SDKROOT = iphoneos;
				SWIFT_ACTIVE_COMPILATION_CONDITIONS = DEBUG;
				SWIFT_OPTIMIZATION_LEVEL = "-Onone";
			};
			name = Debug;
		};
		7555FFA4242A565B00829871 /* Release */ = {
			isa = XCBuildConfiguration;
			baseConfigurationReference = AB3632DC29227652001CCB65 /* Config.xcconfig */;
			buildSettings = {
				ALWAYS_SEARCH_USER_PATHS = NO;
				CLANG_ANALYZER_NONNULL = YES;
				CLANG_ANALYZER_NUMBER_OBJECT_CONVERSION = YES_AGGRESSIVE;
				CLANG_CXX_LANGUAGE_STANDARD = "gnu++14";
				CLANG_CXX_LIBRARY = "libc++";
				CLANG_ENABLE_MODULES = YES;
				CLANG_ENABLE_OBJC_ARC = YES;
				CLANG_ENABLE_OBJC_WEAK = YES;
				CLANG_WARN_BLOCK_CAPTURE_AUTORELEASING = YES;
				CLANG_WARN_BOOL_CONVERSION = YES;
				CLANG_WARN_COMMA = YES;
				CLANG_WARN_CONSTANT_CONVERSION = YES;
				CLANG_WARN_DEPRECATED_OBJC_IMPLEMENTATIONS = YES;
				CLANG_WARN_DIRECT_OBJC_ISA_USAGE = YES_ERROR;
				CLANG_WARN_DOCUMENTATION_COMMENTS = YES;
				CLANG_WARN_EMPTY_BODY = YES;
				CLANG_WARN_ENUM_CONVERSION = YES;
				CLANG_WARN_INFINITE_RECURSION = YES;
				CLANG_WARN_INT_CONVERSION = YES;
				CLANG_WARN_NON_LITERAL_NULL_CONVERSION = YES;
				CLANG_WARN_OBJC_IMPLICIT_RETAIN_SELF = YES;
				CLANG_WARN_OBJC_LITERAL_CONVERSION = YES;
				CLANG_WARN_OBJC_ROOT_CLASS = YES_ERROR;
				CLANG_WARN_QUOTED_INCLUDE_IN_FRAMEWORK_HEADER = YES;
				CLANG_WARN_RANGE_LOOP_ANALYSIS = YES;
				CLANG_WARN_STRICT_PROTOTYPES = YES;
				CLANG_WARN_SUSPICIOUS_MOVE = YES;
				CLANG_WARN_UNGUARDED_AVAILABILITY = YES_AGGRESSIVE;
				CLANG_WARN_UNREACHABLE_CODE = YES;
				CLANG_WARN__DUPLICATE_METHOD_MATCH = YES;
				COPY_PHASE_STRIP = NO;
				DEBUG_INFORMATION_FORMAT = "dwarf-with-dsym";
				ENABLE_NS_ASSERTIONS = NO;
				ENABLE_STRICT_OBJC_MSGSEND = YES;
				ENABLE_USER_SCRIPT_SANDBOXING = NO;
				GCC_C_LANGUAGE_STANDARD = gnu11;
				GCC_NO_COMMON_BLOCKS = YES;
				GCC_WARN_64_TO_32_BIT_CONVERSION = YES;
				GCC_WARN_ABOUT_RETURN_TYPE = YES_ERROR;
				GCC_WARN_UNDECLARED_SELECTOR = YES;
				GCC_WARN_UNINITIALIZED_AUTOS = YES_AGGRESSIVE;
				GCC_WARN_UNUSED_FUNCTION = YES;
				GCC_WARN_UNUSED_VARIABLE = YES;
				IPHONEOS_DEPLOYMENT_TARGET = 15.3;
				MTL_ENABLE_DEBUG_INFO = NO;
				MTL_FAST_MATH = YES;
				SDKROOT = iphoneos;
				SWIFT_COMPILATION_MODE = wholemodule;
				SWIFT_OPTIMIZATION_LEVEL = "-O";
				VALIDATE_PRODUCT = YES;
			};
			name = Release;
		};
		7555FFA6242A565B00829871 /* Debug */ = {
			isa = XCBuildConfiguration;
			buildSettings = {
				ASSETCATALOG_COMPILER_APPICON_NAME = AppIcon;
				ASSETCATALOG_COMPILER_INCLUDE_ALL_APPICON_ASSETS = YES;
				CODE_SIGN_ENTITLEMENTS = iosApp/iosAppDebug.entitlements;
				CODE_SIGN_IDENTITY = "Apple Development";
				CODE_SIGN_STYLE = Automatic;
				DEVELOPMENT_ASSET_PATHS = "\"iosApp/Preview Content\"";
				DEVELOPMENT_TEAM = 4T4QRN2U5X;
				ENABLE_PREVIEWS = YES;
				FRAMEWORK_SEARCH_PATHS = (
					"$(inherited)",
					"$(SRCROOT)/../shared/build/xcode-frameworks/$(CONFIGURATION)/$(SDK_NAME)\n$(SRCROOT)/../composeApp/build/xcode-frameworks/$(CONFIGURATION)/$(SDK_NAME)",
				);
				INFOPLIST_FILE = iosApp/Info.plist;
				INFOPLIST_KEY_LSApplicationCategoryType = "public.app-category.magazines-and-newspapers";
				IPHONEOS_DEPLOYMENT_TARGET = 18.0;
				LD_RUNPATH_SEARCH_PATHS = (
					"$(inherited)",
					"@executable_path/Frameworks",
				);
				OTHER_LDFLAGS = "-ObjC";
				PRODUCT_BUNDLE_IDENTIFIER = me.spacelaunchnow.spacelaunchnow;
				PRODUCT_NAME = "${APP_NAME}";
				PROVISIONING_PROFILE_SPECIFIER = "";
				SWIFT_VERSION = 5.0;
				TARGETED_DEVICE_FAMILY = "1,2";
			};
			name = Debug;
		};
		7555FFA7242A565B00829871 /* Release */ = {
			isa = XCBuildConfiguration;
			buildSettings = {
				ASSETCATALOG_COMPILER_APPICON_NAME = AppIcon;
				ASSETCATALOG_COMPILER_INCLUDE_ALL_APPICON_ASSETS = YES;
				CODE_SIGN_ENTITLEMENTS = iosApp/iosApp.entitlements;
				CODE_SIGN_IDENTITY = "Apple Development";
				CODE_SIGN_STYLE = Automatic;
				DEVELOPMENT_ASSET_PATHS = "\"iosApp/Preview Content\"";
				DEVELOPMENT_TEAM = 4T4QRN2U5X;
				ENABLE_PREVIEWS = YES;
				FRAMEWORK_SEARCH_PATHS = (
					"$(inherited)",
					"$(SRCROOT)/../shared/build/xcode-frameworks/$(CONFIGURATION)/$(SDK_NAME)\n$(SRCROOT)/../composeApp/build/xcode-frameworks/$(CONFIGURATION)/$(SDK_NAME)",
				);
				INFOPLIST_FILE = iosApp/Info.plist;
				INFOPLIST_KEY_LSApplicationCategoryType = "public.app-category.magazines-and-newspapers";
				IPHONEOS_DEPLOYMENT_TARGET = 18.0;
				LD_RUNPATH_SEARCH_PATHS = (
					"$(inherited)",
					"@executable_path/Frameworks",
				);
				OTHER_LDFLAGS = "-ObjC";
				PRODUCT_BUNDLE_IDENTIFIER = me.spacelaunchnow.spacelaunchnow;
				PRODUCT_NAME = "${APP_NAME}";
				PROVISIONING_PROFILE_SPECIFIER = "$(APP_PROVISIONING_PROFILE)";
				SWIFT_VERSION = 5.0;
				TARGETED_DEVICE_FAMILY = "1,2";
			};
			name = Release;
		};
/* End XCBuildConfiguration section */

/* Begin XCConfigurationList section */
		3C2F71542E936FBF0026D5CD /* Build configuration list for PBXNativeTarget "LaunchWidgetExtension" */ = {
			isa = XCConfigurationList;
			buildConfigurations = (
				3C2F71552E936FBF0026D5CD /* Debug */,
				3C2F71562E936FBF0026D5CD /* Release */,
			);
			defaultConfigurationIsVisible = 0;
			defaultConfigurationName = Release;
		};
		7555FF76242A565900829871 /* Build configuration list for PBXProject "iosApp" */ = {
			isa = XCConfigurationList;
			buildConfigurations = (
				7555FFA3242A565B00829871 /* Debug */,
				7555FFA4242A565B00829871 /* Release */,
			);
			defaultConfigurationIsVisible = 0;
			defaultConfigurationName = Release;
		};
		7555FFA5242A565B00829871 /* Build configuration list for PBXNativeTarget "iosApp" */ = {
			isa = XCConfigurationList;
			buildConfigurations = (
				7555FFA6242A565B00829871 /* Debug */,
				7555FFA7242A565B00829871 /* Release */,
			);
			defaultConfigurationIsVisible = 0;
			defaultConfigurationName = Release;
		};
/* End XCConfigurationList section */

/* Begin XCRemoteSwiftPackageReference section */
		3C35B9592EA97E1B00E28A01 /* XCRemoteSwiftPackageReference "swift-package-manager-google-mobile-ads" */ = {
			isa = XCRemoteSwiftPackageReference;
			repositoryURL = "https://github.com/googleads/swift-package-manager-google-mobile-ads.git";
			requirement = {
				kind = upToNextMajorVersion;
				minimumVersion = 12.12.0;
			};
		};
		3C35B95C2EA97ED900E28A01 /* XCRemoteSwiftPackageReference "swift-package-manager-google-user-messaging-platform" */ = {
			isa = XCRemoteSwiftPackageReference;
			repositoryURL = "https://github.com/googleads/swift-package-manager-google-user-messaging-platform.git";
			requirement = {
				kind = upToNextMajorVersion;
				minimumVersion = 3.0.0;
			};
		};
		3CC6E4C32EAC8A84002F6FE9 /* XCRemoteSwiftPackageReference "firebase-ios-sdk" */ = {
			isa = XCRemoteSwiftPackageReference;
			repositoryURL = "https://github.com/firebase/firebase-ios-sdk";
			requirement = {
				kind = upToNextMajorVersion;
				minimumVersion = 12.4.0;
			};
		};
		3CE6841C2E9D513C00AA177C /* XCRemoteSwiftPackageReference "purchases-hybrid-common" */ = {
			isa = XCRemoteSwiftPackageReference;
			repositoryURL = "https://github.com/RevenueCat/purchases-hybrid-common";
			requirement = {
				kind = exactVersion;
				version = 17.10.0;
			};
		};
/* End XCRemoteSwiftPackageReference section */

/* Begin XCSwiftPackageProductDependency section */
		3C35B95A2EA97E1B00E28A01 /* GoogleMobileAds */ = {
			isa = XCSwiftPackageProductDependency;
			package = 3C35B9592EA97E1B00E28A01 /* XCRemoteSwiftPackageReference "swift-package-manager-google-mobile-ads" */;
			productName = GoogleMobileAds;
		};
		3C35B95D2EA97ED900E28A01 /* GoogleUserMessagingPlatform */ = {
			isa = XCSwiftPackageProductDependency;
			package = 3C35B95C2EA97ED900E28A01 /* XCRemoteSwiftPackageReference "swift-package-manager-google-user-messaging-platform" */;
			productName = GoogleUserMessagingPlatform;
		};
		3C35B95F2EA9816900E28A01 /* PurchasesHybridCommon */ = {
			isa = XCSwiftPackageProductDependency;
			package = 3CE6841C2E9D513C00AA177C /* XCRemoteSwiftPackageReference "purchases-hybrid-common" */;
			productName = PurchasesHybridCommon;
		};
		3C35B9612EA9816900E28A01 /* PurchasesHybridCommonUI */ = {
			isa = XCSwiftPackageProductDependency;
			package = 3CE6841C2E9D513C00AA177C /* XCRemoteSwiftPackageReference "purchases-hybrid-common" */;
			productName = PurchasesHybridCommonUI;
		};
		3C7AFD332EADADF0002FEDEE /* FirebaseMessaging */ = {
			isa = XCSwiftPackageProductDependency;
			package = 3CC6E4C32EAC8A84002F6FE9 /* XCRemoteSwiftPackageReference "firebase-ios-sdk" */;
			productName = FirebaseMessaging;
		};
		3CC6E4C42EAC8A84002F6FE9 /* FirebaseAI */ = {
			isa = XCSwiftPackageProductDependency;
			package = 3CC6E4C32EAC8A84002F6FE9 /* XCRemoteSwiftPackageReference "firebase-ios-sdk" */;
			productName = FirebaseAI;
		};
		3CC6E4C62EAC8A84002F6FE9 /* FirebaseAnalytics */ = {
			isa = XCSwiftPackageProductDependency;
			package = 3CC6E4C32EAC8A84002F6FE9 /* XCRemoteSwiftPackageReference "firebase-ios-sdk" */;
			productName = FirebaseAnalytics;
		};
		3CC6E4C82EAC8A84002F6FE9 /* FirebaseAnalyticsCore */ = {
			isa = XCSwiftPackageProductDependency;
			package = 3CC6E4C32EAC8A84002F6FE9 /* XCRemoteSwiftPackageReference "firebase-ios-sdk" */;
			productName = FirebaseAnalyticsCore;
		};
		3CC6E4CA2EAC8A84002F6FE9 /* FirebaseAnalyticsIdentitySupport */ = {
			isa = XCSwiftPackageProductDependency;
			package = 3CC6E4C32EAC8A84002F6FE9 /* XCRemoteSwiftPackageReference "firebase-ios-sdk" */;
			productName = FirebaseAnalyticsIdentitySupport;
		};
		3CC6E4CC2EAC8A84002F6FE9 /* FirebaseAppCheck */ = {
			isa = XCSwiftPackageProductDependency;
			package = 3CC6E4C32EAC8A84002F6FE9 /* XCRemoteSwiftPackageReference "firebase-ios-sdk" */;
			productName = FirebaseAppCheck;
		};
		3CE6841D2E9D513C00AA177C /* PurchasesHybridCommon */ = {
			isa = XCSwiftPackageProductDependency;
			package = 3CE6841C2E9D513C00AA177C /* XCRemoteSwiftPackageReference "purchases-hybrid-common" */;
			productName = PurchasesHybridCommon;
		};
		3CE6841F2E9D513C00AA177C /* PurchasesHybridCommonUI */ = {
			isa = XCSwiftPackageProductDependency;
			package = 3CE6841C2E9D513C00AA177C /* XCRemoteSwiftPackageReference "purchases-hybrid-common" */;
			productName = PurchasesHybridCommonUI;
		};
/* End XCSwiftPackageProductDependency section */
	};
	rootObject = 7555FF73242A565900829871 /* Project object */;
}
