{
  "originHash" : "959169d138ec0e2fb547295f63339ca8abf25922aa1d3e3c37d3a8b51ac6abc7",
  "pins" : [
    {
      "identity" : "purchases-hybrid-common",
      "kind" : "remoteSourceControl",
      "location" : "https://github.com/RevenueCat/purchases-hybrid-common",
      "state" : {
        "revision" : "9b51341561d5b4ac8d4455cd864525c748ea6269",
        "version" : "17.10.0"
      }
    },
    {
      "identity" : "purchases-ios-spm",
      "kind" : "remoteSourceControl",
      "location" : "https://github.com/RevenueCat/purchases-ios-spm",
      "state" : {
        "revision" : "249432af6b37a3665e26ea6f4ffc869dcd445f01",
        "version" : "5.43.0"
      }
    }
  ],
  "version" : 3
}
